
Microsoft Visual Studio Solution File, Format Version 12.00
# Visual Studio Version 17
VisualStudioVersion = 17.7.34031.279
MinimumVisualStudioVersion = 10.0.40219.1
Project("{FAE04EC0-301F-11D3-BF4B-00C04F79EFBC}") = "MethodTasks", "MethodTasks\MethodTasks.csproj", "{3DE02B63-B9DA-48CF-B48A-B0D55BE453C9}"
EndProject
Global
	GlobalSection(SolutionConfigurationPlatforms) = preSolution
		Debug|Any CPU = Debug|Any CPU
		Release|Any CPU = Release|Any CPU
	EndGlobalSection
	GlobalSection(ProjectConfigurationPlatforms) = postSolution
		{3DE02B63-B9DA-48CF-B48A-B0D55BE453C9}.Debug|Any CPU.ActiveCfg = Debug|Any CPU
		{3DE02B63-B9DA-48CF-B48A-B0D55BE453C9}.Debug|Any CPU.Build.0 = Debug|Any CPU
		{3DE02B63-B9DA-48CF-B48A-B0D55BE453C9}.Release|Any CPU.ActiveCfg = Release|Any CPU
		{3DE02B63-B9DA-48CF-B48A-B0D55BE453C9}.Release|Any CPU.Build.0 = Release|Any CPU
	EndGlobalSection
	GlobalSection(SolutionProperties) = preSolution
		HideSolutionNode = FALSE
	EndGlobalSection
	GlobalSection(ExtensibilityGlobals) = postSolution
		SolutionGuid = {2D1EDE2F-7428-4338-9C08-77D45634609E}
	EndGlobalSection
EndGlobal
